[[package]]
category = "dev"
description = "A small Python module for determining appropriate platform-specific dirs, e.g. a \"user data dir\"."
name = "appdirs"
optional = false
python-versions = "*"
version = "1.4.3"

[[package]]
category = "main"
description = "A cross-platform package to replace curses (mouse/keyboard input & text colours/positioning) and create ASCII animations"
name = "asciimatics"
optional = false
python-versions = "*"
version = "1.11.0"

[package.dependencies]
Pillow = ">=2.7.0"
future = "*"
pyfiglet = ">=0.7.2"
pypiwin32 = "*"
wcwidth = "*"

[[package]]
category = "dev"
description = "Classes Without Boilerplate"
name = "attrs"
optional = false
python-versions = ">=2.7, !=3.0.*, !=3.1.*, !=3.2.*, !=3.3.*"
version = "19.2.0"

[[package]]
category = "dev"
description = "The uncompromising code formatter."
name = "black"
optional = false
python-versions = ">=3.6"
version = "18.9b0"

[package.dependencies]
appdirs = "*"
attrs = ">=17.4.0"
click = ">=6.5"
toml = ">=0.9.4"

[[package]]
category = "main"
description = "Composable command line interface toolkit"
name = "click"
optional = false
python-versions = ">=2.7, !=3.0.*, !=3.1.*, !=3.2.*, !=3.3.*"
version = "7.0"

[[package]]
category = "main"
description = "Clean single-source support for Python 3 and 2"
name = "future"
optional = false
python-versions = ">=2.6, !=3.0.*, !=3.1.*, !=3.2.*"
version = "0.17.1"

[[package]]
category = "main"
description = "NumPy is the fundamental package for array computing with Python."
name = "numpy"
optional = false
python-versions = ">=3.5"
version = "1.17.2"

[[package]]
category = "main"
description = "Python Imaging Library (Fork)"
name = "pillow"
optional = false
python-versions = ">=2.7, !=3.0.*, !=3.1.*, !=3.2.*, !=3.3.*, !=3.4.*"
version = "6.2.0"

[[package]]
category = "main"
description = "Pure-python FIGlet implementation"
name = "pyfiglet"
optional = false
python-versions = "*"
version = "0.8.post1"

[[package]]
category = "main"
description = "Python Game Development"
name = "pygame"
optional = false
python-versions = "*"
version = "1.9.6"

[[package]]
category = "main"
description = ""
marker = "sys_platform == \"win32\""
name = "pypiwin32"
optional = false
python-versions = "*"
version = "223"

[package.dependencies]
pywin32 = ">=223"

[[package]]
category = "main"
description = "Python for Window Extensions"
marker = "sys_platform == \"win32\""
name = "pywin32"
optional = false
python-versions = "*"
version = "225"

[[package]]
category = "dev"
description = "Python Library for Tom's Obvious, Minimal Language"
name = "toml"
optional = false
python-versions = "*"
version = "0.10.0"

[[package]]
category = "main"
description = "Measures number of Terminal column cells of wide-character codes"
name = "wcwidth"
optional = false
python-versions = "*"
version = "0.1.7"

[metadata]
content-hash = "88b434f763c289f202ca9be792a60363f076552bf36fc23f382fd78df471e255"
python-versions = "^3.6"

[metadata.hashes]
appdirs = ["9e5896d1372858f8dd3344faf4e5014d21849c756c8d5701f78f8a103b372d92", "d8b24664561d0d34ddfaec54636d502d7cea6e29c3eaf68f3df6180863e2166e"]
asciimatics = ["1d0871133c95fa15c603d471ebb77e39b3389877e2ff2ad5ab3bc906d81b5e8c", "6c7ad130a0663ecb1b3a731b82c51d6662f1d2c4760de2b8ffc9c1faba775360"]
attrs = ["ec20e7a4825331c1b5ebf261d111e16fa9612c1f7a5e1f884f12bd53a664dfd2", "f913492e1663d3c36f502e5e9ba6cd13cf19d7fab50aa13239e420fef95e1396"]
black = ["817243426042db1d36617910df579a54f1afd659adb96fc5032fcf4b36209739", "e030a9a28f542debc08acceb273f228ac422798e5215ba2a791a6ddeaaca22a5"]
click = ["2335065e6395b9e67ca716de5f7526736bfa6ceead690adf616d925bdc622b13", "5b94b49521f6456670fdb30cd82a4eca9412788a93fa6dd6df72c94d5a8ff2d7"]
future = ["67045236dcfd6816dc439556d009594abf643e5eb48992e36beac09c2ca659b8"]
numpy = ["05dbfe72684cc14b92568de1bc1f41e5f62b00f714afc9adee42f6311738091f", "0d82cb7271a577529d07bbb05cb58675f2deb09772175fab96dc8de025d8ac05", "10132aa1fef99adc85a905d82e8497a580f83739837d7cbd234649f2e9b9dc58", "12322df2e21f033a60c80319c25011194cd2a21294cc66fee0908aeae2c27832", "16f19b3aa775dddc9814e02a46b8e6ae6a54ed8cf143962b4e53f0471dbd7b16", "3d0b0989dd2d066db006158de7220802899a1e5c8cf622abe2d0bd158fd01c2c", "438a3f0e7b681642898fd7993d38e2bf140a2d1eafaf3e89bb626db7f50db355", "5fd214f482ab53f2cea57414c5fb3e58895b17df6e6f5bca5be6a0bb6aea23bb", "73615d3edc84dd7c4aeb212fa3748fb83217e00d201875a47327f55363cef2df", "7bd355ad7496f4ce1d235e9814ec81ee3d28308d591c067ce92e49f745ba2c2f", "7d077f2976b8f3de08a0dcf5d72083f4af5411e8fddacd662aae27baa2601196", "a4092682778dc48093e8bda8d26ee8360153e2047826f95a3f5eae09f0ae3abf", "b458de8624c9f6034af492372eb2fee41a8e605f03f4732f43fc099e227858b2", "e70fc8ff03a961f13363c2c95ef8285e0cf6a720f8271836f852cc0fa64e97c8", "ee8e9d7cad5fe6dde50ede0d2e978d81eafeaa6233fb0b8719f60214cf226578", "f4a4f6aba148858a5a5d546a99280f71f5ee6ec8182a7d195af1a914195b21a2"]
pillow = ["00fdeb23820f30e43bba78eb9abb00b7a937a655de7760b2e09101d63708b64e", "01f948e8220c85eae1aa1a7f8edddcec193918f933fb07aaebe0bfbbcffefbf1", "08abf39948d4b5017a137be58f1a52b7101700431f0777bec3d897c3949f74e6", "099a61618b145ecb50c6f279666bbc398e189b8bc97544ae32b8fcb49ad6b830", "2c1c61546e73de62747e65807d2cc4980c395d4c5600ecb1f47a650c6fa78c79", "2ed9c4f694861642401f27dc3cb99772be67cd190e84845c749dae0a06c3bfae", "338581b30b908e111be578f0297255f6b57a51358cd16fa0e6f664c9a1f88bff", "38c7d48a21cd06fdeee93987147b9b1c55b73b4cfcbf83240568bfbd5adee447", "43fd026f613c8e48a25eba1a92f4d2ad7f3903c95d8c33a11611a7717d2ab654", "4548236844327a718ce3bb182ab32a16fa2050c61e334e959f554cac052fb0df", "5090857876c58885cfa388dc649e5db30aae98a068c26f3fd0ac9d7d9a4d9572", "5bbba34f97a26a93f5e8dec469ca4ddd712451418add43da946dbaed7f7a98d2", "65a28969a025a0eb4594637b6103201dc4ed2a9508bdab56ac33e43e3081c404", "892bb52b70bd5ea9dbbc3ac44f38e84f5a04e9d8b1bff48159d96cb795b81159", "8a9becd5cbd5062f973bcd2e7bc79483af310222de112b6541f8af1f93a3cc42", "972a7aaeb7c4a2795b52eef52ee991ef040b31009f36deca6207a986607b55f3", "97b119c436bfa96a92ac2ca525f7025836d4d4e64b1c9f9eff8dbaf3ff1d86f3", "9ba37698e242223f8053cc158f130aee046a96feacbeab65893dbe94f5530118", "b1b0e1f626a0f079c0d3696db70132fb1f29aa87c66aecb6501a9b8be64ce9f7", "c14c1224fd1a5be2733530d648a316974dbbb3c946913562c6005a76f21ca042", "c79a8546c48ae6465189e54e3245a97ddf21161e33ff7eaa42787353417bb2b6", "ceb76935ac4ebdf6d7bc845482a4450b284c6ccfb281e34da51d510658ab34d8", "e22bffaad04b4d16e1c091baed7f2733fc1ebb91e0c602abf1b6834d17158b1f", "ec883b8e44d877bda6f94a36313a1c6063f8b1997aa091628ae2f34c7f97c8d5", "f1baa54d50ec031d1a9beb89974108f8f2c0706f49798f4777df879df0e1adb6", "f53a5385932cda1e2c862d89460992911a89768c65d176ff8c50cddca4d29bed"]
pyfiglet = ["c6c2321755d09267b438ec7b936825a4910fec696292139e664ca8670e103639", "d555bcea17fbeaf70eaefa48bb119352487e629c9b56f30f383e2c62dd67a01c"]
pygame = ["0480fe82cd41a43e3eea497fa2c059c72ac54cb5d003d5aa2ed06a04541c384e", "136a3b5711d9ec369a0407e4e08ffced3ba61aa41059e9280ffffa79c8614f65", "2622b9dd95f445c887a36a57eade42c672598589f69a8052ccdb8eeeffa4dbb1", "301c6428c0880ecd4a9e3951b80e539c33863b6ff356a443db1758de4f297957", "398c42b605ecc514e62f68f1944a2d21e247938309f598de6cb0ad3c207324a8", "4aaff572a273a32e70ec3593d213e59ab11c183a9916616562247930f17a5447", "4e1065577f1b29111113be5deb2ea88553551a5e1cf33e0c08fa32768f285809", "5f052dc2975a399aa1830c1f04c5f72856aa416bf3cd4b31375a058015a5c620", "68ea43e51150316b9fb08e251209d4e2b4e76a340b5b6fc8cdf1a898c78f7e5b", "698433a9fcefca0527244dc44dff9503eb26157494730b1cc80e6e4dbb246e92", "6f714986f7987f10cb94f1be0753318e341a7ea6b12d66f37a4d5d6dd4695023", "73cd9df328c7e72638dbcc1d18e7155225faed880a53db6bad90d1d7c0a71dfd", "7876d1f29f66d3d7cac46479503891ee1ef409b0fbce54b0d74f3a6b33a46dba", "854e87b8b2b76e3ed11d64985fcfdd7af919659503de99fc2b0a717b314c3cf0", "8da13704ad45b7d5de8a8cca135a7f44c7fc6aa9f691abe7b0392468a34a8013", "9ce22fb72298ea33dbb3a1c6c60a4a4e19d9698df6f3f5782eba4dada7b7736d", "a37b6c59e7b8feadc51db5197052b86ceb6443f9fb2a6f7d6527620e707c558c", "a6e8d2f99dbe1dfe72d0c019693c14d93c410f702d0b04ec9a81b36dacd55a23", "a9ac862dd7159861f2c6443b0029089e1c0c4ec762a8074022914ec52fe4dfac", "ae1bc3e78ed28f20878e7ca2c98663a6634e9c00d7746d39413fc18e907dc162", "be7e70f91bd4eb35ae081062f16bf434619b3292358d9b061f8159ddc570c7f0", "c895cf9c1b6d1cbba8cb8cc3f5427febcf8aa41a9333697741abeea1c537a350", "f1f5714d2c23f6a64ef2ac4fcd36a2dd2689da85978d951a99a6ae5dfdf9bdbc", "fa788f775680fc5d268ab00a2da29c9a22830032cfab732730298a2952cd87f3"]
pypiwin32 = ["67adf399debc1d5d14dffc1ab5acacb800da569754fafdc576b2a039485aa775", "71be40c1fbd28594214ecaecb58e7aa8b708eabfa0125c8a109ebd51edbd776a"]
pywin32 = ["0443e9bb196e72480f50cbddc2cf98fbb858a77d02e281ba79489ea3287b36e9", "09bbe7cdb29eb40ab2e83f7a232eeeedde864be7a0622b70a90f456aad07a234", "0d8e0f47808798d320c983574c36c49db642678902933a210edd40157d206fd0", "0db7c9f4b93528afd080d35912a60be2f86a1d6c49c0a9cf9cedd106eed81ea3", "749e590875051661ecefbd9dfa957a485016de0f25e43f5e70f888ef1e29587b", "779d3e9d4b934f2445d2920c3941416d99af72eb7f7fd57a63576cc8aa540ad6", "7c89d2c11a31c7aaa16dc4d25054d7e0e99d6f6b24193cf62c83850484658c87", "81f7732b662c46274d7d8c411c905d53e71999cba95457a0686467c3ebc745ca", "9db1fb8830bfa99c5bfd335d4482c14db5c6f5028db3b006787ef4200206242b", "bd8d04835db28646d9e07fd0ab7c7b18bd90e89dfdc559e60389179495ef30da", "fc6822a68afd79e97b015985dd455767c72009b81bcd18957068626c43f11e75", "fe6cfc2045931866417740b575231c7e12d69d481643be1493487ad53b089959"]
toml = ["229f81c57791a41d65e399fc06bf0848bab550a9dfd5ed66df18ce5f05e73d5c", "235682dd292d5899d361a811df37e04a8828a5b1da3115886b73cf81ebc9100e", "f1db651f9657708513243e61e6cc67d101a39bad662eaa9b5546f789338e07a3"]
wcwidth = ["3df37372226d6e63e1b1e1eda15c594bca98a22d33a23832a90998faa96bc65e", "f4ebe71925af7b40a864553f761ed559b43544f8f71746c2d756c7fe788ade7c"]
